
Microsoft Visual Studio Solution File, Format Version 12.00
# Visual Studio Version 17
VisualStudioVersion = 17.4.33403.182
MinimumVisualStudioVersion = 10.0.40219.1
Project("{FAE04EC0-301F-11D3-BF4B-00C04F79EFBC}") = "Volkov_HW_UML_18", "Volkov_HW_UML_18\Volkov_HW_UML_18.csproj", "{AC572569-FBA4-42C3-BFB6-D1F2DE51721E}"
EndProject
Global
	GlobalSection(SolutionConfigurationPlatforms) = preSolution
		Debug|Any CPU = Debug|Any CPU
		Release|Any CPU = Release|Any CPU
	EndGlobalSection
	GlobalSection(ProjectConfigurationPlatforms) = postSolution
		{AC572569-FBA4-42C3-BFB6-D1F2DE51721E}.Debug|Any CPU.ActiveCfg = Debug|Any CPU
		{AC572569-FBA4-42C3-BFB6-D1F2DE51721E}.Debug|Any CPU.Build.0 = Debug|Any CPU
		{AC572569-FBA4-42C3-BFB6-D1F2DE51721E}.Release|Any CPU.ActiveCfg = Release|Any CPU
		{AC572569-FBA4-42C3-BFB6-D1F2DE51721E}.Release|Any CPU.Build.0 = Release|Any CPU
	EndGlobalSection
	GlobalSection(SolutionProperties) = preSolution
		HideSolutionNode = FALSE
	EndGlobalSection
	GlobalSection(ExtensibilityGlobals) = postSolution
		SolutionGuid = {51B925FF-7332-46EB-AEA2-25D0456FC0F3}
	EndGlobalSection
EndGlobal
