
Microsoft Visual Studio Solution File, Format Version 12.00
# Visual Studio Version 17
VisualStudioVersion = 17.4.33403.182
MinimumVisualStudioVersion = 10.0.40219.1
Project("{FAE04EC0-301F-11D3-BF4B-00C04F79EFBC}") = "Volkov_HW_UML_20", "Volkov_HW_UML_20\Volkov_HW_UML_20.csproj", "{2C851A5D-396D-4D4C-BA2E-18FEB91336F3}"
EndProject
Global
	GlobalSection(SolutionConfigurationPlatforms) = preSolution
		Debug|Any CPU = Debug|Any CPU
		Release|Any CPU = Release|Any CPU
	EndGlobalSection
	GlobalSection(ProjectConfigurationPlatforms) = postSolution
		{2C851A5D-396D-4D4C-BA2E-18FEB91336F3}.Debug|Any CPU.ActiveCfg = Debug|Any CPU
		{2C851A5D-396D-4D4C-BA2E-18FEB91336F3}.Debug|Any CPU.Build.0 = Debug|Any CPU
		{2C851A5D-396D-4D4C-BA2E-18FEB91336F3}.Release|Any CPU.ActiveCfg = Release|Any CPU
		{2C851A5D-396D-4D4C-BA2E-18FEB91336F3}.Release|Any CPU.Build.0 = Release|Any CPU
	EndGlobalSection
	GlobalSection(SolutionProperties) = preSolution
		HideSolutionNode = FALSE
	EndGlobalSection
	GlobalSection(ExtensibilityGlobals) = postSolution
		SolutionGuid = {DC932797-2B6A-4E06-892A-5E9F2300A170}
	EndGlobalSection
EndGlobal
