
Microsoft Visual Studio Solution File, Format Version 12.00
# Visual Studio Version 17
VisualStudioVersion = 17.4.33403.182
MinimumVisualStudioVersion = 10.0.40219.1
Project("{FAE04EC0-301F-11D3-BF4B-00C04F79EFBC}") = "Volkov_HW_UML_6", "Volkov_HW_UML_6\Volkov_HW_UML_6.csproj", "{C33FD36B-F8A7-4222-8641-32689C6572D8}"
EndProject
Global
	GlobalSection(SolutionConfigurationPlatforms) = preSolution
		Debug|Any CPU = Debug|Any CPU
		Release|Any CPU = Release|Any CPU
	EndGlobalSection
	GlobalSection(ProjectConfigurationPlatforms) = postSolution
		{C33FD36B-F8A7-4222-8641-32689C6572D8}.Debug|Any CPU.ActiveCfg = Debug|Any CPU
		{C33FD36B-F8A7-4222-8641-32689C6572D8}.Debug|Any CPU.Build.0 = Debug|Any CPU
		{C33FD36B-F8A7-4222-8641-32689C6572D8}.Release|Any CPU.ActiveCfg = Release|Any CPU
		{C33FD36B-F8A7-4222-8641-32689C6572D8}.Release|Any CPU.Build.0 = Release|Any CPU
	EndGlobalSection
	GlobalSection(SolutionProperties) = preSolution
		HideSolutionNode = FALSE
	EndGlobalSection
	GlobalSection(ExtensibilityGlobals) = postSolution
		SolutionGuid = {2BBD8B6E-8E1C-492E-AC5D-D9C2A360AB69}
	EndGlobalSection
EndGlobal
